
Microsoft Visual Studio Solution File, Format Version 12.00
# Visual Studio 15
VisualStudioVersion = 15.0.27428.2043
MinimumVisualStudioVersion = 10.0.40219.1
Project("{9A19103F-16F7-4668-BE54-9A1E7A4F7556}") = "notifique-me", "notifique-me\notifique-me.csproj", "{6855E2DB-A532-4405-9628-C67A6F503899}"
EndProject
Project("{9A19103F-16F7-4668-BE54-9A1E7A4F7556}") = "notifique-me-tests", "notifique-me-tests\notifique-me-tests.csproj", "{8DF6B906-E4ED-4349-926E-E01595077E2B}"
EndProject
Global
	GlobalSection(SolutionConfigurationPlatforms) = preSolution
		Debug|Any CPU = Debug|Any CPU
		Release|Any CPU = Release|Any CPU
	EndGlobalSection
	GlobalSection(ProjectConfigurationPlatforms) = postSolution
		{6855E2DB-A532-4405-9628-C67A6F503899}.Debug|Any CPU.ActiveCfg = Debug|Any CPU
		{6855E2DB-A532-4405-9628-C67A6F503899}.Debug|Any CPU.Build.0 = Debug|Any CPU
		{6855E2DB-A532-4405-9628-C67A6F503899}.Release|Any CPU.ActiveCfg = Release|Any CPU
		{6855E2DB-A532-4405-9628-C67A6F503899}.Release|Any CPU.Build.0 = Release|Any CPU
		{8DF6B906-E4ED-4349-926E-E01595077E2B}.Debug|Any CPU.ActiveCfg = Debug|Any CPU
		{8DF6B906-E4ED-4349-926E-E01595077E2B}.Debug|Any CPU.Build.0 = Debug|Any CPU
		{8DF6B906-E4ED-4349-926E-E01595077E2B}.Release|Any CPU.ActiveCfg = Release|Any CPU
		{8DF6B906-E4ED-4349-926E-E01595077E2B}.Release|Any CPU.Build.0 = Release|Any CPU
	EndGlobalSection
	GlobalSection(SolutionProperties) = preSolution
		HideSolutionNode = FALSE
	EndGlobalSection
	GlobalSection(ExtensibilityGlobals) = postSolution
		SolutionGuid = {E593D06D-817C-4256-A3CD-0F05270B6B4B}
	EndGlobalSection
EndGlobal
